
Microsoft Visual Studio Solution File, Format Version 12.00
# Visual Studio Version 17
VisualStudioVersion = 17.5.002.0
MinimumVisualStudioVersion = 10.0.40219.1
Project("{9A19103F-16F7-4668-BE54-9A1E7A4F7556}") = "secret-fil", "secret-fil.csproj", "{5D44B818-5123-4238-9C0D-BFDF18DFDCC8}"
EndProject
Global
	GlobalSection(SolutionConfigurationPlatforms) = preSolution
		Debug|Any CPU = Debug|Any CPU
		Release|Any CPU = Release|Any CPU
	EndGlobalSection
	GlobalSection(ProjectConfigurationPlatforms) = postSolution
		{5D44B818-5123-4238-9C0D-BFDF18DFDCC8}.Debug|Any CPU.ActiveCfg = Debug|Any CPU
		{5D44B818-5123-4238-9C0D-BFDF18DFDCC8}.Debug|Any CPU.Build.0 = Debug|Any CPU
		{5D44B818-5123-4238-9C0D-BFDF18DFDCC8}.Release|Any CPU.ActiveCfg = Release|Any CPU
		{5D44B818-5123-4238-9C0D-BFDF18DFDCC8}.Release|Any CPU.Build.0 = Release|Any CPU
	EndGlobalSection
	GlobalSection(SolutionProperties) = preSolution
		HideSolutionNode = FALSE
	EndGlobalSection
	GlobalSection(ExtensibilityGlobals) = postSolution
		SolutionGuid = {E5C4C437-801F-4B86-96D1-A7DDA7B03B67}
	EndGlobalSection
EndGlobal
